
Microsoft Visual Studio Solution File, Format Version 12.00
# Visual Studio Version 17
VisualStudioVersion = 17.11.35219.272
MinimumVisualStudioVersion = 10.0.40219.1
Project("{9A19103F-16F7-4668-BE54-9A1E7A4F7556}") = "Blobstorage", "ConsoleApp1\Blobstorage.csproj", "{AD7E1CCC-6681-4BA0-A170-EB03BD10D0E1}"
EndProject
Global
	GlobalSection(SolutionConfigurationPlatforms) = preSolution
		Debug|Any CPU = Debug|Any CPU
		Release|Any CPU = Release|Any CPU
	EndGlobalSection
	GlobalSection(ProjectConfigurationPlatforms) = postSolution
		{AD7E1CCC-6681-4BA0-A170-EB03BD10D0E1}.Debug|Any CPU.ActiveCfg = Debug|Any CPU
		{AD7E1CCC-6681-4BA0-A170-EB03BD10D0E1}.Debug|Any CPU.Build.0 = Debug|Any CPU
		{AD7E1CCC-6681-4BA0-A170-EB03BD10D0E1}.Release|Any CPU.ActiveCfg = Release|Any CPU
		{AD7E1CCC-6681-4BA0-A170-EB03BD10D0E1}.Release|Any CPU.Build.0 = Release|Any CPU
	EndGlobalSection
	GlobalSection(SolutionProperties) = preSolution
		HideSolutionNode = FALSE
	EndGlobalSection
	GlobalSection(ExtensibilityGlobals) = postSolution
		SolutionGuid = {0708A79E-7CDC-4EA6-9144-10B4102AEFFF}
	EndGlobalSection
EndGlobal
